
Microsoft Visual Studio Solution File, Format Version 12.00
# Visual Studio Version 16
VisualStudioVersion = 16.0.30011.22
MinimumVisualStudioVersion = 10.0.40219.1
Project("{9A19103F-16F7-4668-BE54-9A1E7A4F7556}") = "MultiTurnPromptBot", "multi-turn-prompt\MultiTurnPromptBot.csproj", "{0FF95DEC-1628-4D15-8CAD-158CE5F19470}"
EndProject
Project("{9A19103F-16F7-4668-BE54-9A1E7A4F7556}") = "EmptyBotAdaptive", "EmptyBotAdaptive\EmptyBotAdaptive.csproj", "{56C0D209-4A9F-4879-8E7A-C58069212B71}"
EndProject
Global
	GlobalSection(SolutionConfigurationPlatforms) = preSolution
		Debug|Any CPU = Debug|Any CPU
		Release|Any CPU = Release|Any CPU
	EndGlobalSection
	GlobalSection(ProjectConfigurationPlatforms) = postSolution
		{0FF95DEC-1628-4D15-8CAD-158CE5F19470}.Debug|Any CPU.ActiveCfg = Debug|Any CPU
		{0FF95DEC-1628-4D15-8CAD-158CE5F19470}.Debug|Any CPU.Build.0 = Debug|Any CPU
		{0FF95DEC-1628-4D15-8CAD-158CE5F19470}.Release|Any CPU.ActiveCfg = Release|Any CPU
		{0FF95DEC-1628-4D15-8CAD-158CE5F19470}.Release|Any CPU.Build.0 = Release|Any CPU
		{56C0D209-4A9F-4879-8E7A-C58069212B71}.Debug|Any CPU.ActiveCfg = Debug|Any CPU
		{56C0D209-4A9F-4879-8E7A-C58069212B71}.Debug|Any CPU.Build.0 = Debug|Any CPU
		{56C0D209-4A9F-4879-8E7A-C58069212B71}.Release|Any CPU.ActiveCfg = Release|Any CPU
		{56C0D209-4A9F-4879-8E7A-C58069212B71}.Release|Any CPU.Build.0 = Release|Any CPU
	EndGlobalSection
	GlobalSection(SolutionProperties) = preSolution
		HideSolutionNode = FALSE
	EndGlobalSection
	GlobalSection(ExtensibilityGlobals) = postSolution
		SolutionGuid = {89F6FBDB-7AEC-46EC-A214-041B3734959C}
	EndGlobalSection
EndGlobal
